<Solution>
  <Configurations>
    <Platform Name="x64" />
    <Platform Name="x86" />
  </Configurations>
  <Project Path="Task2-Tasklist/Task2-Tasklist.vcxproj" Id="fdc27b24-52ea-44ff-907e-2dc1ec8355a8" />
  <Project Path="Task3-SystemInfo/Task3_Systeminfo.vcxproj" Id="a5bc05ba-f75b-42ea-9ff3-fe720425143f" />
  <Project Path="Task4-ProcessInfo/Task4-ProcessInfo.vcxproj" Id="96a9bfe0-2968-41bf-884a-bbed4600535a" />
</Solution>
